// !$*UTF8*$!
{
	archiveVersion = 1;
	classes = {
	};
	objectVersion = 46;
	objects = {

/* Begin PBXBuildFile section */
		A39E11181F793098004FD7BA /* googleAut.png in Resources */ = {isa = PBXBuildFile; fileRef = A39E11171F793098004FD7BA /* googleAut.png */; };
		A39E11191F793098004FD7BA /* googleAut.png in Resources */ = {isa = PBXBuildFile; fileRef = A39E11171F793098004FD7BA /* googleAut.png */; };
		A39E111A1F793098004FD7BA /* googleAut.png in Resources */ = {isa = PBXBuildFile; fileRef = A39E11171F793098004FD7BA /* googleAut.png */; };
		A3D338261F7536C400FF1243 /* main.m in Sources */ = {isa = PBXBuildFile; fileRef = A3D338251F7536C400FF1243 /* main.m */; };
		A3D338291F7536C400FF1243 /* AppDelegate.m in Sources */ = {isa = PBXBuildFile; fileRef = A3D338281F7536C400FF1243 /* AppDelegate.m */; };
		A3D3382C1F7536C400FF1243 /* ViewController.m in Sources */ = {isa = PBXBuildFile; fileRef = A3D3382B1F7536C400FF1243 /* ViewController.m */; };
		A3D3382F1F7536C400FF1243 /* Main.storyboard in Resources */ = {isa = PBXBuildFile; fileRef = A3D3382D1F7536C400FF1243 /* Main.storyboard */; };
		A3D338311F7536C400FF1243 /* Assets.xcassets in Resources */ = {isa = PBXBuildFile; fileRef = A3D338301F7536C400FF1243 /* Assets.xcassets */; };
		A3D338341F7536C400FF1243 /* LaunchScreen.storyboard in Resources */ = {isa = PBXBuildFile; fileRef = A3D338321F7536C400FF1243 /* LaunchScreen.storyboard */; };
		A3D3383F1F7536C400FF1243 /* Google_OTPTests.m in Sources */ = {isa = PBXBuildFile; fileRef = A3D3383E1F7536C400FF1243 /* Google_OTPTests.m */; };
		A3D3384A1F7536C400FF1243 /* Google_OTPUITests.m in Sources */ = {isa = PBXBuildFile; fileRef = A3D338491F7536C400FF1243 /* Google_OTPUITests.m */; };
		A3D3385B1F7538EB00FF1243 /* GoogleAutOTPTableViewCell.m in Sources */ = {isa = PBXBuildFile; fileRef = A3D338591F7538EB00FF1243 /* GoogleAutOTPTableViewCell.m */; };
		A3D3385C1F7538EB00FF1243 /* GoogleAutOTPTableViewCell.m in Sources */ = {isa = PBXBuildFile; fileRef = A3D338591F7538EB00FF1243 /* GoogleAutOTPTableViewCell.m */; };
		A3D3385D1F7538EB00FF1243 /* GoogleAutOTPTableViewCell.m in Sources */ = {isa = PBXBuildFile; fileRef = A3D338591F7538EB00FF1243 /* GoogleAutOTPTableViewCell.m */; };
		A3D3385E1F7538EB00FF1243 /* GoogleAutOTPTableViewCell.xib in Resources */ = {isa = PBXBuildFile; fileRef = A3D3385A1F7538EB00FF1243 /* GoogleAutOTPTableViewCell.xib */; };
		A3D3385F1F7538EB00FF1243 /* GoogleAutOTPTableViewCell.xib in Resources */ = {isa = PBXBuildFile; fileRef = A3D3385A1F7538EB00FF1243 /* GoogleAutOTPTableViewCell.xib */; };
		A3D338601F7538EB00FF1243 /* GoogleAutOTPTableViewCell.xib in Resources */ = {isa = PBXBuildFile; fileRef = A3D3385A1F7538EB00FF1243 /* GoogleAutOTPTableViewCell.xib */; };
		A3D3386D1F753AA400FF1243 /* QRCameraSwitchButton.m in Sources */ = {isa = PBXBuildFile; fileRef = A3D338631F753AA400FF1243 /* QRCameraSwitchButton.m */; };
		A3D3386E1F753AA400FF1243 /* QRCameraSwitchButton.m in Sources */ = {isa = PBXBuildFile; fileRef = A3D338631F753AA400FF1243 /* QRCameraSwitchButton.m */; };
		A3D3386F1F753AA400FF1243 /* QRCameraSwitchButton.m in Sources */ = {isa = PBXBuildFile; fileRef = A3D338631F753AA400FF1243 /* QRCameraSwitchButton.m */; };
		A3D338701F753AA400FF1243 /* QRCodeReader.m in Sources */ = {isa = PBXBuildFile; fileRef = A3D338651F753AA400FF1243 /* QRCodeReader.m */; };
		A3D338711F753AA400FF1243 /* QRCodeReader.m in Sources */ = {isa = PBXBuildFile; fileRef = A3D338651F753AA400FF1243 /* QRCodeReader.m */; };
		A3D338721F753AA400FF1243 /* QRCodeReader.m in Sources */ = {isa = PBXBuildFile; fileRef = A3D338651F753AA400FF1243 /* QRCodeReader.m */; };
		A3D338731F753AA400FF1243 /* QRCodeReaderView.m in Sources */ = {isa = PBXBuildFile; fileRef = A3D338681F753AA400FF1243 /* QRCodeReaderView.m */; };
		A3D338741F753AA400FF1243 /* QRCodeReaderView.m in Sources */ = {isa = PBXBuildFile; fileRef = A3D338681F753AA400FF1243 /* QRCodeReaderView.m */; };
		A3D338751F753AA400FF1243 /* QRCodeReaderView.m in Sources */ = {isa = PBXBuildFile; fileRef = A3D338681F753AA400FF1243 /* QRCodeReaderView.m */; };
		A3D338761F753AA400FF1243 /* QRCodeReaderViewController.m in Sources */ = {isa = PBXBuildFile; fileRef = A3D3386A1F753AA400FF1243 /* QRCodeReaderViewController.m */; };
		A3D338771F753AA400FF1243 /* QRCodeReaderViewController.m in Sources */ = {isa = PBXBuildFile; fileRef = A3D3386A1F753AA400FF1243 /* QRCodeReaderViewController.m */; };
		A3D338781F753AA400FF1243 /* QRCodeReaderViewController.m in Sources */ = {isa = PBXBuildFile; fileRef = A3D3386A1F753AA400FF1243 /* QRCodeReaderViewController.m */; };
		A3D338791F753AA400FF1243 /* QRToggleTorchButton.m in Sources */ = {isa = PBXBuildFile; fileRef = A3D3386C1F753AA400FF1243 /* QRToggleTorchButton.m */; };
		A3D3387A1F753AA400FF1243 /* QRToggleTorchButton.m in Sources */ = {isa = PBXBuildFile; fileRef = A3D3386C1F753AA400FF1243 /* QRToggleTorchButton.m */; };
		A3D3387B1F753AA400FF1243 /* QRToggleTorchButton.m in Sources */ = {isa = PBXBuildFile; fileRef = A3D3386C1F753AA400FF1243 /* QRToggleTorchButton.m */; };
		A3D338881F753B4F00FF1243 /* GTMMethodCheck.m in Sources */ = {isa = PBXBuildFile; fileRef = A3D3387F1F753B4F00FF1243 /* GTMMethodCheck.m */; };
		A3D338891F753B4F00FF1243 /* GTMMethodCheck.m in Sources */ = {isa = PBXBuildFile; fileRef = A3D3387F1F753B4F00FF1243 /* GTMMethodCheck.m */; };
		A3D3388A1F753B4F00FF1243 /* GTMMethodCheck.m in Sources */ = {isa = PBXBuildFile; fileRef = A3D3387F1F753B4F00FF1243 /* GTMMethodCheck.m */; };
		A3D3388B1F753B4F00FF1243 /* GTMNSDictionary+URLArguments.m in Sources */ = {isa = PBXBuildFile; fileRef = A3D338811F753B4F00FF1243 /* GTMNSDictionary+URLArguments.m */; };
		A3D3388C1F753B4F00FF1243 /* GTMNSDictionary+URLArguments.m in Sources */ = {isa = PBXBuildFile; fileRef = A3D338811F753B4F00FF1243 /* GTMNSDictionary+URLArguments.m */; };
		A3D3388D1F753B4F00FF1243 /* GTMNSDictionary+URLArguments.m in Sources */ = {isa = PBXBuildFile; fileRef = A3D338811F753B4F00FF1243 /* GTMNSDictionary+URLArguments.m */; };
		A3D3388E1F753B4F00FF1243 /* GTMNSString+URLArguments.m in Sources */ = {isa = PBXBuildFile; fileRef = A3D338831F753B4F00FF1243 /* GTMNSString+URLArguments.m */; };
		A3D3388F1F753B4F00FF1243 /* GTMNSString+URLArguments.m in Sources */ = {isa = PBXBuildFile; fileRef = A3D338831F753B4F00FF1243 /* GTMNSString+URLArguments.m */; };
		A3D338901F753B4F00FF1243 /* GTMNSString+URLArguments.m in Sources */ = {isa = PBXBuildFile; fileRef = A3D338831F753B4F00FF1243 /* GTMNSString+URLArguments.m */; };
		A3D338911F753B4F00FF1243 /* GTMStringEncoding.m in Sources */ = {isa = PBXBuildFile; fileRef = A3D338851F753B4F00FF1243 /* GTMStringEncoding.m */; };
		A3D338921F753B4F00FF1243 /* GTMStringEncoding.m in Sources */ = {isa = PBXBuildFile; fileRef = A3D338851F753B4F00FF1243 /* GTMStringEncoding.m */; };
		A3D338931F753B4F00FF1243 /* GTMStringEncoding.m in Sources */ = {isa = PBXBuildFile; fileRef = A3D338851F753B4F00FF1243 /* GTMStringEncoding.m */; };
		A3D338941F753B4F00FF1243 /* HmacOTPGenerator.m in Sources */ = {isa = PBXBuildFile; fileRef = A3D338871F753B4F00FF1243 /* HmacOTPGenerator.m */; };
		A3D338951F753B4F00FF1243 /* HmacOTPGenerator.m in Sources */ = {isa = PBXBuildFile; fileRef = A3D338871F753B4F00FF1243 /* HmacOTPGenerator.m */; };
		A3D338961F753B4F00FF1243 /* HmacOTPGenerator.m in Sources */ = {isa = PBXBuildFile; fileRef = A3D338871F753B4F00FF1243 /* HmacOTPGenerator.m */; };
		A3D338991F753DB500FF1243 /* TOTP.m in Sources */ = {isa = PBXBuildFile; fileRef = A3D338981F753DB500FF1243 /* TOTP.m */; };
		A3D3389A1F753DB500FF1243 /* TOTP.m in Sources */ = {isa = PBXBuildFile; fileRef = A3D338981F753DB500FF1243 /* TOTP.m */; };
		A3D3389B1F753DB500FF1243 /* TOTP.m in Sources */ = {isa = PBXBuildFile; fileRef = A3D338981F753DB500FF1243 /* TOTP.m */; };
/* End PBXBuildFile section */

/* Begin PBXContainerItemProxy section */
		A3D3383B1F7536C400FF1243 /* PBXContainerItemProxy */ = {
			isa = PBXContainerItemProxy;
			containerPortal = A3D338191F7536C400FF1243 /* Project object */;
			proxyType = 1;
			remoteGlobalIDString = A3D338201F7536C400FF1243;
			remoteInfo = "Google OTP";
		};
		A3D338461F7536C400FF1243 /* PBXContainerItemProxy */ = {
			isa = PBXContainerItemProxy;
			containerPortal = A3D338191F7536C400FF1243 /* Project object */;
			proxyType = 1;
			remoteGlobalIDString = A3D338201F7536C400FF1243;
			remoteInfo = "Google OTP";
		};
/* End PBXContainerItemProxy section */

/* Begin PBXFileReference section */
		A39E11171F793098004FD7BA /* googleAut.png */ = {isa = PBXFileReference; lastKnownFileType = image.png; path = googleAut.png; sourceTree = "<group>"; };
		A3D338211F7536C400FF1243 /* Google OTP.app */ = {isa = PBXFileReference; explicitFileType = wrapper.application; includeInIndex = 0; path = "Google OTP.app"; sourceTree = BUILT_PRODUCTS_DIR; };
		A3D338251F7536C400FF1243 /* main.m */ = {isa = PBXFileReference; lastKnownFileType = sourcecode.c.objc; path = main.m; sourceTree = "<group>"; };
		A3D338271F7536C400FF1243 /* AppDelegate.h */ = {isa = PBXFileReference; lastKnownFileType = sourcecode.c.h; path = AppDelegate.h; sourceTree = "<group>"; };
		A3D338281F7536C400FF1243 /* AppDelegate.m */ = {isa = PBXFileReference; lastKnownFileType = sourcecode.c.objc; path = AppDelegate.m; sourceTree = "<group>"; };
		A3D3382A1F7536C400FF1243 /* ViewController.h */ = {isa = PBXFileReference; lastKnownFileType = sourcecode.c.h; path = ViewController.h; sourceTree = "<group>"; };
		A3D3382B1F7536C400FF1243 /* ViewController.m */ = {isa = PBXFileReference; lastKnownFileType = sourcecode.c.objc; path = ViewController.m; sourceTree = "<group>"; };
		A3D3382E1F7536C400FF1243 /* Base */ = {isa = PBXFileReference; lastKnownFileType = file.storyboard; name = Base; path = Base.lproj/Main.storyboard; sourceTree = "<group>"; };
		A3D338301F7536C400FF1243 /* Assets.xcassets */ = {isa = PBXFileReference; lastKnownFileType = folder.assetcatalog; path = Assets.xcassets; sourceTree = "<group>"; };
		A3D338331F7536C400FF1243 /* Base */ = {isa = PBXFileReference; lastKnownFileType = file.storyboard; name = Base; path = Base.lproj/LaunchScreen.storyboard; sourceTree = "<group>"; };
		A3D338351F7536C400FF1243 /* Info.plist */ = {isa = PBXFileReference; lastKnownFileType = text.plist.xml; path = Info.plist; sourceTree = "<group>"; };
		A3D3383A1F7536C400FF1243 /* Google OTPTests.xctest */ = {isa = PBXFileReference; explicitFileType = wrapper.cfbundle; includeInIndex = 0; path = "Google OTPTests.xctest"; sourceTree = BUILT_PRODUCTS_DIR; };
		A3D3383E1F7536C400FF1243 /* Google_OTPTests.m */ = {isa = PBXFileReference; lastKnownFileType = sourcecode.c.objc; path = Google_OTPTests.m; sourceTree = "<group>"; };
		A3D338401F7536C400FF1243 /* Info.plist */ = {isa = PBXFileReference; lastKnownFileType = text.plist.xml; path = Info.plist; sourceTree = "<group>"; };
		A3D338451F7536C400FF1243 /* Google OTPUITests.xctest */ = {isa = PBXFileReference; explicitFileType = wrapper.cfbundle; includeInIndex = 0; path = "Google OTPUITests.xctest"; sourceTree = BUILT_PRODUCTS_DIR; };
		A3D338491F7536C400FF1243 /* Google_OTPUITests.m */ = {isa = PBXFileReference; lastKnownFileType = sourcecode.c.objc; path = Google_OTPUITests.m; sourceTree = "<group>"; };
		A3D3384B1F7536C400FF1243 /* Info.plist */ = {isa = PBXFileReference; lastKnownFileType = text.plist.xml; path = Info.plist; sourceTree = "<group>"; };
		A3D338581F7538EB00FF1243 /* GoogleAutOTPTableViewCell.h */ = {isa = PBXFileReference; fileEncoding = 4; lastKnownFileType = sourcecode.c.h; path = GoogleAutOTPTableViewCell.h; sourceTree = "<group>"; };
		A3D338591F7538EB00FF1243 /* GoogleAutOTPTableViewCell.m */ = {isa = PBXFileReference; fileEncoding = 4; lastKnownFileType = sourcecode.c.objc; path = GoogleAutOTPTableViewCell.m; sourceTree = "<group>"; };
		A3D3385A1F7538EB00FF1243 /* GoogleAutOTPTableViewCell.xib */ = {isa = PBXFileReference; fileEncoding = 4; lastKnownFileType = file.xib; path = GoogleAutOTPTableViewCell.xib; sourceTree = "<group>"; };
		A3D338621F753AA400FF1243 /* QRCameraSwitchButton.h */ = {isa = PBXFileReference; fileEncoding = 4; lastKnownFileType = sourcecode.c.h; path = QRCameraSwitchButton.h; sourceTree = "<group>"; };
		A3D338631F753AA400FF1243 /* QRCameraSwitchButton.m */ = {isa = PBXFileReference; fileEncoding = 4; lastKnownFileType = sourcecode.c.objc; path = QRCameraSwitchButton.m; sourceTree = "<group>"; };
		A3D338641F753AA400FF1243 /* QRCodeReader.h */ = {isa = PBXFileReference; fileEncoding = 4; lastKnownFileType = sourcecode.c.h; path = QRCodeReader.h; sourceTree = "<group>"; };
		A3D338651F753AA400FF1243 /* QRCodeReader.m */ = {isa = PBXFileReference; fileEncoding = 4; lastKnownFileType = sourcecode.c.objc; path = QRCodeReader.m; sourceTree = "<group>"; };
		A3D338661F753AA400FF1243 /* QRCodeReaderDelegate.h */ = {isa = PBXFileReference; fileEncoding = 4; lastKnownFileType = sourcecode.c.h; path = QRCodeReaderDelegate.h; sourceTree = "<group>"; };
		A3D338671F753AA400FF1243 /* QRCodeReaderView.h */ = {isa = PBXFileReference; fileEncoding = 4; lastKnownFileType = sourcecode.c.h; path = QRCodeReaderView.h; sourceTree = "<group>"; };
		A3D338681F753AA400FF1243 /* QRCodeReaderView.m */ = {isa = PBXFileReference; fileEncoding = 4; lastKnownFileType = sourcecode.c.objc; path = QRCodeReaderView.m; sourceTree = "<group>"; };
		A3D338691F753AA400FF1243 /* QRCodeReaderViewController.h */ = {isa = PBXFileReference; fileEncoding = 4; lastKnownFileType = sourcecode.c.h; path = QRCodeReaderViewController.h; sourceTree = "<group>"; };
		A3D3386A1F753AA400FF1243 /* QRCodeReaderViewController.m */ = {isa = PBXFileReference; fileEncoding = 4; lastKnownFileType = sourcecode.c.objc; path = QRCodeReaderViewController.m; sourceTree = "<group>"; };
		A3D3386B1F753AA400FF1243 /* QRToggleTorchButton.h */ = {isa = PBXFileReference; fileEncoding = 4; lastKnownFileType = sourcecode.c.h; path = QRToggleTorchButton.h; sourceTree = "<group>"; };
		A3D3386C1F753AA400FF1243 /* QRToggleTorchButton.m */ = {isa = PBXFileReference; fileEncoding = 4; lastKnownFileType = sourcecode.c.objc; path = QRToggleTorchButton.m; sourceTree = "<group>"; };
		A3D3387D1F753B4F00FF1243 /* GTMDefines.h */ = {isa = PBXFileReference; fileEncoding = 4; lastKnownFileType = sourcecode.c.h; path = GTMDefines.h; sourceTree = "<group>"; };
		A3D3387E1F753B4F00FF1243 /* GTMMethodCheck.h */ = {isa = PBXFileReference; fileEncoding = 4; lastKnownFileType = sourcecode.c.h; path = GTMMethodCheck.h; sourceTree = "<group>"; };
		A3D3387F1F753B4F00FF1243 /* GTMMethodCheck.m */ = {isa = PBXFileReference; fileEncoding = 4; lastKnownFileType = sourcecode.c.objc; path = GTMMethodCheck.m; sourceTree = "<group>"; };
		A3D338801F753B4F00FF1243 /* GTMNSDictionary+URLArguments.h */ = {isa = PBXFileReference; fileEncoding = 4; lastKnownFileType = sourcecode.c.h; path = "GTMNSDictionary+URLArguments.h"; sourceTree = "<group>"; };
		A3D338811F753B4F00FF1243 /* GTMNSDictionary+URLArguments.m */ = {isa = PBXFileReference; fileEncoding = 4; lastKnownFileType = sourcecode.c.objc; path = "GTMNSDictionary+URLArguments.m"; sourceTree = "<group>"; };
		A3D338821F753B4F00FF1243 /* GTMNSString+URLArguments.h */ = {isa = PBXFileReference; fileEncoding = 4; lastKnownFileType = sourcecode.c.h; path = "GTMNSString+URLArguments.h"; sourceTree = "<group>"; };
		A3D338831F753B4F00FF1243 /* GTMNSString+URLArguments.m */ = {isa = PBXFileReference; fileEncoding = 4; lastKnownFileType = sourcecode.c.objc; path = "GTMNSString+URLArguments.m"; sourceTree = "<group>"; };
		A3D338841F753B4F00FF1243 /* GTMStringEncoding.h */ = {isa = PBXFileReference; fileEncoding = 4; lastKnownFileType = sourcecode.c.h; path = GTMStringEncoding.h; sourceTree = "<group>"; };
		A3D338851F753B4F00FF1243 /* GTMStringEncoding.m */ = {isa = PBXFileReference; fileEncoding = 4; lastKnownFileType = sourcecode.c.objc; path = GTMStringEncoding.m; sourceTree = "<group>"; };
		A3D338861F753B4F00FF1243 /* HmacOTPGenerator.h */ = {isa = PBXFileReference; fileEncoding = 4; lastKnownFileType = sourcecode.c.h; path = HmacOTPGenerator.h; sourceTree = "<group>"; };
		A3D338871F753B4F00FF1243 /* HmacOTPGenerator.m */ = {isa = PBXFileReference; fileEncoding = 4; lastKnownFileType = sourcecode.c.objc; path = HmacOTPGenerator.m; sourceTree = "<group>"; };
		A3D338971F753DB500FF1243 /* TOTP.h */ = {isa = PBXFileReference; fileEncoding = 4; lastKnownFileType = sourcecode.c.h; path = TOTP.h; sourceTree = "<group>"; };
		A3D338981F753DB500FF1243 /* TOTP.m */ = {isa = PBXFileReference; fileEncoding = 4; lastKnownFileType = sourcecode.c.objc; path = TOTP.m; sourceTree = "<group>"; };
/* End PBXFileReference section */

/* Begin PBXFrameworksBuildPhase section */
		A3D3381E1F7536C400FF1243 /* Frameworks */ = {
			isa = PBXFrameworksBuildPhase;
			buildActionMask = 2147483647;
			files = (
			);
			runOnlyForDeploymentPostprocessing = 0;
		};
		A3D338371F7536C400FF1243 /* Frameworks */ = {
			isa = PBXFrameworksBuildPhase;
			buildActionMask = 2147483647;
			files = (
			);
			runOnlyForDeploymentPostprocessing = 0;
		};
		A3D338421F7536C400FF1243 /* Frameworks */ = {
			isa = PBXFrameworksBuildPhase;
			buildActionMask = 2147483647;
			files = (
			);
			runOnlyForDeploymentPostprocessing = 0;
		};
/* End PBXFrameworksBuildPhase section */

/* Begin PBXGroup section */
		A3D338181F7536C400FF1243 = {
			isa = PBXGroup;
			children = (
				A3D338231F7536C400FF1243 /* Google OTP */,
				A3D3383D1F7536C400FF1243 /* Google OTPTests */,
				A3D338481F7536C400FF1243 /* Google OTPUITests */,
				A3D338221F7536C400FF1243 /* Products */,
			);
			sourceTree = "<group>";
		};
		A3D338221F7536C400FF1243 /* Products */ = {
			isa = PBXGroup;
			children = (
				A3D338211F7536C400FF1243 /* Google OTP.app */,
				A3D3383A1F7536C400FF1243 /* Google OTPTests.xctest */,
				A3D338451F7536C400FF1243 /* Google OTPUITests.xctest */,
			);
			name = Products;
			sourceTree = "<group>";
		};
		A3D338231F7536C400FF1243 /* Google OTP */ = {
			isa = PBXGroup;
			children = (
				A3D338971F753DB500FF1243 /* TOTP.h */,
				A3D338981F753DB500FF1243 /* TOTP.m */,
				A3D3387C1F753B4200FF1243 /* HMacOTPGenerator */,
				A3D338611F753A9600FF1243 /* QRReader */,
				A3D338571F7538B800FF1243 /* CustomOTPCell */,
				A3D338271F7536C400FF1243 /* AppDelegate.h */,
				A3D338281F7536C400FF1243 /* AppDelegate.m */,
				A3D3382A1F7536C400FF1243 /* ViewController.h */,
				A3D3382B1F7536C400FF1243 /* ViewController.m */,
				A3D3382D1F7536C400FF1243 /* Main.storyboard */,
				A3D338301F7536C400FF1243 /* Assets.xcassets */,
				A3D338321F7536C400FF1243 /* LaunchScreen.storyboard */,
				A3D338351F7536C400FF1243 /* Info.plist */,
				A3D338241F7536C400FF1243 /* Supporting Files */,
			);
			path = "Google OTP";
			sourceTree = "<group>";
		};
		A3D338241F7536C400FF1243 /* Supporting Files */ = {
			isa = PBXGroup;
			children = (
				A39E11171F793098004FD7BA /* googleAut.png */,
				A3D338251F7536C400FF1243 /* main.m */,
			);
			name = "Supporting Files";
			sourceTree = "<group>";
		};
		A3D3383D1F7536C400FF1243 /* Google OTPTests */ = {
			isa = PBXGroup;
			children = (
				A3D3383E1F7536C400FF1243 /* Google_OTPTests.m */,
				A3D338401F7536C400FF1243 /* Info.plist */,
			);
			path = "Google OTPTests";
			sourceTree = "<group>";
		};
		A3D338481F7536C400FF1243 /* Google OTPUITests */ = {
			isa = PBXGroup;
			children = (
				A3D338491F7536C400FF1243 /* Google_OTPUITests.m */,
				A3D3384B1F7536C400FF1243 /* Info.plist */,
			);
			path = "Google OTPUITests";
			sourceTree = "<group>";
		};
		A3D338571F7538B800FF1243 /* CustomOTPCell */ = {
			isa = PBXGroup;
			children = (
				A3D338581F7538EB00FF1243 /* GoogleAutOTPTableViewCell.h */,
				A3D338591F7538EB00FF1243 /* GoogleAutOTPTableViewCell.m */,
				A3D3385A1F7538EB00FF1243 /* GoogleAutOTPTableViewCell.xib */,
			);
			name = CustomOTPCell;
			sourceTree = "<group>";
		};
		A3D338611F753A9600FF1243 /* QRReader */ = {
			isa = PBXGroup;
			children = (
				A3D338621F753AA400FF1243 /* QRCameraSwitchButton.h */,
				A3D338631F753AA400FF1243 /* QRCameraSwitchButton.m */,
				A3D338641F753AA400FF1243 /* QRCodeReader.h */,
				A3D338651F753AA400FF1243 /* QRCodeReader.m */,
				A3D338661F753AA400FF1243 /* QRCodeReaderDelegate.h */,
				A3D338671F753AA400FF1243 /* QRCodeReaderView.h */,
				A3D338681F753AA400FF1243 /* QRCodeReaderView.m */,
				A3D338691F753AA400FF1243 /* QRCodeReaderViewController.h */,
				A3D3386A1F753AA400FF1243 /* QRCodeReaderViewController.m */,
				A3D3386B1F753AA400FF1243 /* QRToggleTorchButton.h */,
				A3D3386C1F753AA400FF1243 /* QRToggleTorchButton.m */,
			);
			name = QRReader;
			sourceTree = "<group>";
		};
		A3D3387C1F753B4200FF1243 /* HMacOTPGenerator */ = {
			isa = PBXGroup;
			children = (
				A3D3387D1F753B4F00FF1243 /* GTMDefines.h */,
				A3D3387E1F753B4F00FF1243 /* GTMMethodCheck.h */,
				A3D3387F1F753B4F00FF1243 /* GTMMethodCheck.m */,
				A3D338801F753B4F00FF1243 /* GTMNSDictionary+URLArguments.h */,
				A3D338811F753B4F00FF1243 /* GTMNSDictionary+URLArguments.m */,
				A3D338821F753B4F00FF1243 /* GTMNSString+URLArguments.h */,
				A3D338831F753B4F00FF1243 /* GTMNSString+URLArguments.m */,
				A3D338841F753B4F00FF1243 /* GTMStringEncoding.h */,
				A3D338851F753B4F00FF1243 /* GTMStringEncoding.m */,
				A3D338861F753B4F00FF1243 /* HmacOTPGenerator.h */,
				A3D338871F753B4F00FF1243 /* HmacOTPGenerator.m */,
			);
			name = HMacOTPGenerator;
			sourceTree = "<group>";
		};
/* End PBXGroup section */

/* Begin PBXNativeTarget section */
		A3D338201F7536C400FF1243 /* Google OTP */ = {
			isa = PBXNativeTarget;
			buildConfigurationList = A3D3384E1F7536C400FF1243 /* Build configuration list for PBXNativeTarget "Google OTP" */;
			buildPhases = (
				A3D3381D1F7536C400FF1243 /* Sources */,
				A3D3381E1F7536C400FF1243 /* Frameworks */,
				A3D3381F1F7536C400FF1243 /* Resources */,
			);
			buildRules = (
			);
			dependencies = (
			);
			name = "Google OTP";
			productName = "Google OTP";
			productReference = A3D338211F7536C400FF1243 /* Google OTP.app */;
			productType = "com.apple.product-type.application";
		};
		A3D338391F7536C400FF1243 /* Google OTPTests */ = {
			isa = PBXNativeTarget;
			buildConfigurationList = A3D338511F7536C400FF1243 /* Build configuration list for PBXNativeTarget "Google OTPTests" */;
			buildPhases = (
				A3D338361F7536C400FF1243 /* Sources */,
				A3D338371F7536C400FF1243 /* Frameworks */,
				A3D338381F7536C400FF1243 /* Resources */,
			);
			buildRules = (
			);
			dependencies = (
				A3D3383C1F7536C400FF1243 /* PBXTargetDependency */,
			);
			name = "Google OTPTests";
			productName = "Google OTPTests";
			productReference = A3D3383A1F7536C400FF1243 /* Google OTPTests.xctest */;
			productType = "com.apple.product-type.bundle.unit-test";
		};
		A3D338441F7536C400FF1243 /* Google OTPUITests */ = {
			isa = PBXNativeTarget;
			buildConfigurationList = A3D338541F7536C400FF1243 /* Build configuration list for PBXNativeTarget "Google OTPUITests" */;
			buildPhases = (
				A3D338411F7536C400FF1243 /* Sources */,
				A3D338421F7536C400FF1243 /* Frameworks */,
				A3D338431F7536C400FF1243 /* Resources */,
			);
			buildRules = (
			);
			dependencies = (
				A3D338471F7536C400FF1243 /* PBXTargetDependency */,
			);
			name = "Google OTPUITests";
			productName = "Google OTPUITests";
			productReference = A3D338451F7536C400FF1243 /* Google OTPUITests.xctest */;
			productType = "com.apple.product-type.bundle.ui-testing";
		};
/* End PBXNativeTarget section */

/* Begin PBXProject section */
		A3D338191F7536C400FF1243 /* Project object */ = {
			isa = PBXProject;
			attributes = {
				LastUpgradeCheck = 0830;
				ORGANIZATIONNAME = EmreG;
				TargetAttributes = {
					A3D338201F7536C400FF1243 = {
						CreatedOnToolsVersion = 8.3.2;
						DevelopmentTeam = J78AVHSPHX;
						ProvisioningStyle = Automatic;
					};
					A3D338391F7536C400FF1243 = {
						CreatedOnToolsVersion = 8.3.2;
						DevelopmentTeam = J78AVHSPHX;
						ProvisioningStyle = Automatic;
						TestTargetID = A3D338201F7536C400FF1243;
					};
					A3D338441F7536C400FF1243 = {
						CreatedOnToolsVersion = 8.3.2;
						DevelopmentTeam = J78AVHSPHX;
						ProvisioningStyle = Automatic;
						TestTargetID = A3D338201F7536C400FF1243;
					};
				};
			};
			buildConfigurationList = A3D3381C1F7536C400FF1243 /* Build configuration list for PBXProject "Google OTP" */;
			compatibilityVersion = "Xcode 3.2";
			developmentRegion = English;
			hasScannedForEncodings = 0;
			knownRegions = (
				en,
				Base,
			);
			mainGroup = A3D338181F7536C400FF1243;
			productRefGroup = A3D338221F7536C400FF1243 /* Products */;
			projectDirPath = "";
			projectRoot = "";
			targets = (
				A3D338201F7536C400FF1243 /* Google OTP */,
				A3D338391F7536C400FF1243 /* Google OTPTests */,
				A3D338441F7536C400FF1243 /* Google OTPUITests */,
			);
		};
/* End PBXProject section */

/* Begin PBXResourcesBuildPhase section */
		A3D3381F1F7536C400FF1243 /* Resources */ = {
			isa = PBXResourcesBuildPhase;
			buildActionMask = 2147483647;
			files = (
				A3D338341F7536C400FF1243 /* LaunchScreen.storyboard in Resources */,
				A3D338311F7536C400FF1243 /* Assets.xcassets in Resources */,
				A3D3382F1F7536C400FF1243 /* Main.storyboard in Resources */,
				A3D3385E1F7538EB00FF1243 /* GoogleAutOTPTableViewCell.xib in Resources */,
				A39E11181F793098004FD7BA /* googleAut.png in Resources */,
			);
			runOnlyForDeploymentPostprocessing = 0;
		};
		A3D338381F7536C400FF1243 /* Resources */ = {
			isa = PBXResourcesBuildPhase;
			buildActionMask = 2147483647;
			files = (
				A3D3385F1F7538EB00FF1243 /* GoogleAutOTPTableViewCell.xib in Resources */,
				A39E11191F793098004FD7BA /* googleAut.png in Resources */,
			);
			runOnlyForDeploymentPostprocessing = 0;
		};
		A3D338431F7536C400FF1243 /* Resources */ = {
			isa = PBXResourcesBuildPhase;
			buildActionMask = 2147483647;
			files = (
				A3D338601F7538EB00FF1243 /* GoogleAutOTPTableViewCell.xib in Resources */,
				A39E111A1F793098004FD7BA /* googleAut.png in Resources */,
			);
			runOnlyForDeploymentPostprocessing = 0;
		};
/* End PBXResourcesBuildPhase section */

/* Begin PBXSourcesBuildPhase section */
		A3D3381D1F7536C400FF1243 /* Sources */ = {
			isa = PBXSourcesBuildPhase;
			buildActionMask = 2147483647;
			files = (
				A3D338991F753DB500FF1243 /* TOTP.m in Sources */,
				A3D3382C1F7536C400FF1243 /* ViewController.m in Sources */,
				A3D338731F753AA400FF1243 /* QRCodeReaderView.m in Sources */,
				A3D338941F753B4F00FF1243 /* HmacOTPGenerator.m in Sources */,
				A3D338291F7536C400FF1243 /* AppDelegate.m in Sources */,
				A3D338701F753AA400FF1243 /* QRCodeReader.m in Sources */,
				A3D3386D1F753AA400FF1243 /* QRCameraSwitchButton.m in Sources */,
				A3D3388E1F753B4F00FF1243 /* GTMNSString+URLArguments.m in Sources */,
				A3D338261F7536C400FF1243 /* main.m in Sources */,
				A3D3388B1F753B4F00FF1243 /* GTMNSDictionary+URLArguments.m in Sources */,
				A3D3385B1F7538EB00FF1243 /* GoogleAutOTPTableViewCell.m in Sources */,
				A3D338911F753B4F00FF1243 /* GTMStringEncoding.m in Sources */,
				A3D338791F753AA400FF1243 /* QRToggleTorchButton.m in Sources */,
				A3D338881F753B4F00FF1243 /* GTMMethodCheck.m in Sources */,
				A3D338761F753AA400FF1243 /* QRCodeReaderViewController.m in Sources */,
			);
			runOnlyForDeploymentPostprocessing = 0;
		};
		A3D338361F7536C400FF1243 /* Sources */ = {
			isa = PBXSourcesBuildPhase;
			buildActionMask = 2147483647;
			files = (
				A3D3389A1F753DB500FF1243 /* TOTP.m in Sources */,
				A3D3383F1F7536C400FF1243 /* Google_OTPTests.m in Sources */,
				A3D338771F753AA400FF1243 /* QRCodeReaderViewController.m in Sources */,
				A3D3388C1F753B4F00FF1243 /* GTMNSDictionary+URLArguments.m in Sources */,
				A3D338891F753B4F00FF1243 /* GTMMethodCheck.m in Sources */,
				A3D338951F753B4F00FF1243 /* HmacOTPGenerator.m in Sources */,
				A3D3386E1F753AA400FF1243 /* QRCameraSwitchButton.m in Sources */,
				A3D338741F753AA400FF1243 /* QRCodeReaderView.m in Sources */,
				A3D338711F753AA400FF1243 /* QRCodeReader.m in Sources */,
				A3D3387A1F753AA400FF1243 /* QRToggleTorchButton.m in Sources */,
				A3D338921F753B4F00FF1243 /* GTMStringEncoding.m in Sources */,
				A3D3385C1F7538EB00FF1243 /* GoogleAutOTPTableViewCell.m in Sources */,
				A3D3388F1F753B4F00FF1243 /* GTMNSString+URLArguments.m in Sources */,
			);
			runOnlyForDeploymentPostprocessing = 0;
		};
		A3D338411F7536C400FF1243 /* Sources */ = {
			isa = PBXSourcesBuildPhase;
			buildActionMask = 2147483647;
			files = (
				A3D3389B1F753DB500FF1243 /* TOTP.m in Sources */,
				A3D3384A1F7536C400FF1243 /* Google_OTPUITests.m in Sources */,
				A3D338781F753AA400FF1243 /* QRCodeReaderViewController.m in Sources */,
				A3D3388D1F753B4F00FF1243 /* GTMNSDictionary+URLArguments.m in Sources */,
				A3D3388A1F753B4F00FF1243 /* GTMMethodCheck.m in Sources */,
				A3D338961F753B4F00FF1243 /* HmacOTPGenerator.m in Sources */,
				A3D3386F1F753AA400FF1243 /* QRCameraSwitchButton.m in Sources */,
				A3D338751F753AA400FF1243 /* QRCodeReaderView.m in Sources */,
				A3D338721F753AA400FF1243 /* QRCodeReader.m in Sources */,
				A3D3387B1F753AA400FF1243 /* QRToggleTorchButton.m in Sources */,
				A3D338931F753B4F00FF1243 /* GTMStringEncoding.m in Sources */,
				A3D3385D1F7538EB00FF1243 /* GoogleAutOTPTableViewCell.m in Sources */,
				A3D338901F753B4F00FF1243 /* GTMNSString+URLArguments.m in Sources */,
			);
			runOnlyForDeploymentPostprocessing = 0;
		};
/* End PBXSourcesBuildPhase section */

/* Begin PBXTargetDependency section */
		A3D3383C1F7536C400FF1243 /* PBXTargetDependency */ = {
			isa = PBXTargetDependency;
			target = A3D338201F7536C400FF1243 /* Google OTP */;
			targetProxy = A3D3383B1F7536C400FF1243 /* PBXContainerItemProxy */;
		};
		A3D338471F7536C400FF1243 /* PBXTargetDependency */ = {
			isa = PBXTargetDependency;
			target = A3D338201F7536C400FF1243 /* Google OTP */;
			targetProxy = A3D338461F7536C400FF1243 /* PBXContainerItemProxy */;
		};
/* End PBXTargetDependency section */

/* Begin PBXVariantGroup section */
		A3D3382D1F7536C400FF1243 /* Main.storyboard */ = {
			isa = PBXVariantGroup;
			children = (
				A3D3382E1F7536C400FF1243 /* Base */,
			);
			name = Main.storyboard;
			sourceTree = "<group>";
		};
		A3D338321F7536C400FF1243 /* LaunchScreen.storyboard */ = {
			isa = PBXVariantGroup;
			children = (
				A3D338331F7536C400FF1243 /* Base */,
			);
			name = LaunchScreen.storyboard;
			sourceTree = "<group>";
		};
/* End PBXVariantGroup section */

/* Begin XCBuildConfiguration section */
		A3D3384C1F7536C400FF1243 /* Debug */ = {
			isa = XCBuildConfiguration;
			buildSettings = {
				ALWAYS_SEARCH_USER_PATHS = NO;
				CLANG_ANALYZER_NONNULL = YES;
				CLANG_ANALYZER_NUMBER_OBJECT_CONVERSION = YES_AGGRESSIVE;
				CLANG_CXX_LANGUAGE_STANDARD = "gnu++0x";
				CLANG_CXX_LIBRARY = "libc++";
				CLANG_ENABLE_MODULES = YES;
				CLANG_ENABLE_OBJC_ARC = YES;
				CLANG_WARN_BOOL_CONVERSION = YES;
				CLANG_WARN_CONSTANT_CONVERSION = YES;
				CLANG_WARN_DIRECT_OBJC_ISA_USAGE = YES_ERROR;
				CLANG_WARN_DOCUMENTATION_COMMENTS = YES;
				CLANG_WARN_EMPTY_BODY = YES;
				CLANG_WARN_ENUM_CONVERSION = YES;
				CLANG_WARN_INFINITE_RECURSION = YES;
				CLANG_WARN_INT_CONVERSION = YES;
				CLANG_WARN_OBJC_ROOT_CLASS = YES_ERROR;
				CLANG_WARN_SUSPICIOUS_MOVE = YES;
				CLANG_WARN_UNREACHABLE_CODE = YES;
				CLANG_WARN__DUPLICATE_METHOD_MATCH = YES;
				"CODE_SIGN_IDENTITY[sdk=iphoneos*]" = "iPhone Developer";
				COPY_PHASE_STRIP = NO;
				DEBUG_INFORMATION_FORMAT = dwarf;
				ENABLE_STRICT_OBJC_MSGSEND = YES;
				ENABLE_TESTABILITY = YES;
				GCC_C_LANGUAGE_STANDARD = gnu99;
				GCC_DYNAMIC_NO_PIC = NO;
				GCC_NO_COMMON_BLOCKS = YES;
				GCC_OPTIMIZATION_LEVEL = 0;
				GCC_PREPROCESSOR_DEFINITIONS = (
					"DEBUG=1",
					"$(inherited)",
				);
				GCC_WARN_64_TO_32_BIT_CONVERSION = YES;
				GCC_WARN_ABOUT_RETURN_TYPE = YES_ERROR;
				GCC_WARN_UNDECLARED_SELECTOR = YES;
				GCC_WARN_UNINITIALIZED_AUTOS = YES_AGGRESSIVE;
				GCC_WARN_UNUSED_FUNCTION = YES;
				GCC_WARN_UNUSED_VARIABLE = YES;
				IPHONEOS_DEPLOYMENT_TARGET = 10.3;
				MTL_ENABLE_DEBUG_INFO = YES;
				ONLY_ACTIVE_ARCH = YES;
				SDKROOT = iphoneos;
			};
			name = Debug;
		};
		A3D3384D1F7536C400FF1243 /* Release */ = {
			isa = XCBuildConfiguration;
			buildSettings = {
				ALWAYS_SEARCH_USER_PATHS = NO;
				CLANG_ANALYZER_NONNULL = YES;
				CLANG_ANALYZER_NUMBER_OBJECT_CONVERSION = YES_AGGRESSIVE;
				CLANG_CXX_LANGUAGE_STANDARD = "gnu++0x";
				CLANG_CXX_LIBRARY = "libc++";
				CLANG_ENABLE_MODULES = YES;
				CLANG_ENABLE_OBJC_ARC = YES;
				CLANG_WARN_BOOL_CONVERSION = YES;
				CLANG_WARN_CONSTANT_CONVERSION = YES;
				CLANG_WARN_DIRECT_OBJC_ISA_USAGE = YES_ERROR;
				CLANG_WARN_DOCUMENTATION_COMMENTS = YES;
				CLANG_WARN_EMPTY_BODY = YES;
				CLANG_WARN_ENUM_CONVERSION = YES;
				CLANG_WARN_INFINITE_RECURSION = YES;
				CLANG_WARN_INT_CONVERSION = YES;
				CLANG_WARN_OBJC_ROOT_CLASS = YES_ERROR;
				CLANG_WARN_SUSPICIOUS_MOVE = YES;
				CLANG_WARN_UNREACHABLE_CODE = YES;
				CLANG_WARN__DUPLICATE_METHOD_MATCH = YES;
				"CODE_SIGN_IDENTITY[sdk=iphoneos*]" = "iPhone Developer";
				COPY_PHASE_STRIP = NO;
				DEBUG_INFORMATION_FORMAT = "dwarf-with-dsym";
				ENABLE_NS_ASSERTIONS = NO;
				ENABLE_STRICT_OBJC_MSGSEND = YES;
				GCC_C_LANGUAGE_STANDARD = gnu99;
				GCC_NO_COMMON_BLOCKS = YES;
				GCC_WARN_64_TO_32_BIT_CONVERSION = YES;
				GCC_WARN_ABOUT_RETURN_TYPE = YES_ERROR;
				GCC_WARN_UNDECLARED_SELECTOR = YES;
				GCC_WARN_UNINITIALIZED_AUTOS = YES_AGGRESSIVE;
				GCC_WARN_UNUSED_FUNCTION = YES;
				GCC_WARN_UNUSED_VARIABLE = YES;
				IPHONEOS_DEPLOYMENT_TARGET = 10.3;
				MTL_ENABLE_DEBUG_INFO = NO;
				SDKROOT = iphoneos;
				VALIDATE_PRODUCT = YES;
			};
			name = Release;
		};
		A3D3384F1F7536C400FF1243 /* Debug */ = {
			isa = XCBuildConfiguration;
			buildSettings = {
				ASSETCATALOG_COMPILER_APPICON_NAME = AppIcon;
				DEVELOPMENT_TEAM = J78AVHSPHX;
				INFOPLIST_FILE = "Google OTP/Info.plist";
				LD_RUNPATH_SEARCH_PATHS = "$(inherited) @executable_path/Frameworks";
				PRODUCT_BUNDLE_IDENTIFIER = com.emregurses.GoogleOTP;
				PRODUCT_NAME = "$(TARGET_NAME)";
			};
			name = Debug;
		};
		A3D338501F7536C400FF1243 /* Release */ = {
			isa = XCBuildConfiguration;
			buildSettings = {
				ASSETCATALOG_COMPILER_APPICON_NAME = AppIcon;
				DEVELOPMENT_TEAM = J78AVHSPHX;
				INFOPLIST_FILE = "Google OTP/Info.plist";
				LD_RUNPATH_SEARCH_PATHS = "$(inherited) @executable_path/Frameworks";
				PRODUCT_BUNDLE_IDENTIFIER = com.emregurses.GoogleOTP;
				PRODUCT_NAME = "$(TARGET_NAME)";
			};
			name = Release;
		};
		A3D338521F7536C400FF1243 /* Debug */ = {
			isa = XCBuildConfiguration;
			buildSettings = {
				BUNDLE_LOADER = "$(TEST_HOST)";
				DEVELOPMENT_TEAM = J78AVHSPHX;
				INFOPLIST_FILE = "Google OTPTests/Info.plist";
				LD_RUNPATH_SEARCH_PATHS = "$(inherited) @executable_path/Frameworks @loader_path/Frameworks";
				PRODUCT_BUNDLE_IDENTIFIER = "com.emregurses.GoogleOTP.Google-OTPTests";
				PRODUCT_NAME = "$(TARGET_NAME)";
				TEST_HOST = "$(BUILT_PRODUCTS_DIR)/Google OTP.app/Google OTP";
			};
			name = Debug;
		};
		A3D338531F7536C400FF1243 /* Release */ = {
			isa = XCBuildConfiguration;
			buildSettings = {
				BUNDLE_LOADER = "$(TEST_HOST)";
				DEVELOPMENT_TEAM = J78AVHSPHX;
				INFOPLIST_FILE = "Google OTPTests/Info.plist";
				LD_RUNPATH_SEARCH_PATHS = "$(inherited) @executable_path/Frameworks @loader_path/Frameworks";
				PRODUCT_BUNDLE_IDENTIFIER = "com.emregurses.GoogleOTP.Google-OTPTests";
				PRODUCT_NAME = "$(TARGET_NAME)";
				TEST_HOST = "$(BUILT_PRODUCTS_DIR)/Google OTP.app/Google OTP";
			};
			name = Release;
		};
		A3D338551F7536C400FF1243 /* Debug */ = {
			isa = XCBuildConfiguration;
			buildSettings = {
				DEVELOPMENT_TEAM = J78AVHSPHX;
				INFOPLIST_FILE = "Google OTPUITests/Info.plist";
				LD_RUNPATH_SEARCH_PATHS = "$(inherited) @executable_path/Frameworks @loader_path/Frameworks";
				PRODUCT_BUNDLE_IDENTIFIER = "com.emregurses.GoogleOTP.Google-OTPUITests";
				PRODUCT_NAME = "$(TARGET_NAME)";
				TEST_TARGET_NAME = "Google OTP";
			};
			name = Debug;
		};
		A3D338561F7536C400FF1243 /* Release */ = {
			isa = XCBuildConfiguration;
			buildSettings = {
				DEVELOPMENT_TEAM = J78AVHSPHX;
				INFOPLIST_FILE = "Google OTPUITests/Info.plist";
				LD_RUNPATH_SEARCH_PATHS = "$(inherited) @executable_path/Frameworks @loader_path/Frameworks";
				PRODUCT_BUNDLE_IDENTIFIER = "com.emregurses.GoogleOTP.Google-OTPUITests";
				PRODUCT_NAME = "$(TARGET_NAME)";
				TEST_TARGET_NAME = "Google OTP";
			};
			name = Release;
		};
/* End XCBuildConfiguration section */

/* Begin XCConfigurationList section */
		A3D3381C1F7536C400FF1243 /* Build configuration list for PBXProject "Google OTP" */ = {
			isa = XCConfigurationList;
			buildConfigurations = (
				A3D3384C1F7536C400FF1243 /* Debug */,
				A3D3384D1F7536C400FF1243 /* Release */,
			);
			defaultConfigurationIsVisible = 0;
			defaultConfigurationName = Release;
		};
		A3D3384E1F7536C400FF1243 /* Build configuration list for PBXNativeTarget "Google OTP" */ = {
			isa = XCConfigurationList;
			buildConfigurations = (
				A3D3384F1F7536C400FF1243 /* Debug */,
				A3D338501F7536C400FF1243 /* Release */,
			);
			defaultConfigurationIsVisible = 0;
			defaultConfigurationName = Release;
		};
		A3D338511F7536C400FF1243 /* Build configuration list for PBXNativeTarget "Google OTPTests" */ = {
			isa = XCConfigurationList;
			buildConfigurations = (
				A3D338521F7536C400FF1243 /* Debug */,
				A3D338531F7536C400FF1243 /* Release */,
			);
			defaultConfigurationIsVisible = 0;
			defaultConfigurationName = Release;
		};
		A3D338541F7536C400FF1243 /* Build configuration list for PBXNativeTarget "Google OTPUITests" */ = {
			isa = XCConfigurationList;
			buildConfigurations = (
				A3D338551F7536C400FF1243 /* Debug */,
				A3D338561F7536C400FF1243 /* Release */,
			);
			defaultConfigurationIsVisible = 0;
			defaultConfigurationName = Release;
		};
/* End XCConfigurationList section */
	};
	rootObject = A3D338191F7536C400FF1243 /* Project object */;
}
